
Microsoft Visual Studio Solution File, Format Version 12.00
# Visual Studio Version 17
VisualStudioVersion = 17.13.35931.197
MinimumVisualStudioVersion = 10.0.40219.1
Project("{8BC9CEB8-8B4A-11D0-8D11-00A0C91BC942}") = "BBS-Client", "BBS-Client\BBS-Client.vcxproj", "{F72A019F-0304-4688-B708-02108A66EB1B}"
EndProject
Project("{8BC9CEB8-8B4A-11D0-8D11-00A0C91BC942}") = "BBS-Library", "BBS-Library\BBS-Library.vcxproj", "{6BB0CECE-A727-4F70-94A4-B8B0CB123E29}"
EndProject
Project("{8BC9CEB8-8B4A-11D0-8D11-00A0C91BC942}") = "BBS-Server", "BBS-Server\BBS-Server.vcxproj", "{D078D2AE-9362-46EF-B41E-2B55F0DC5013}"
EndProject
Global
	GlobalSection(SolutionConfigurationPlatforms) = preSolution
		Debug|x64 = Debug|x64
		Debug|x86 = Debug|x86
		Release|x64 = Release|x64
		Release|x86 = Release|x86
	EndGlobalSection
	GlobalSection(ProjectConfigurationPlatforms) = postSolution
		{F72A019F-0304-4688-B708-02108A66EB1B}.Debug|x64.ActiveCfg = Debug|x64
		{F72A019F-0304-4688-B708-02108A66EB1B}.Debug|x64.Build.0 = Debug|x64
		{F72A019F-0304-4688-B708-02108A66EB1B}.Debug|x86.ActiveCfg = Debug|Win32
		{F72A019F-0304-4688-B708-02108A66EB1B}.Debug|x86.Build.0 = Debug|Win32
		{F72A019F-0304-4688-B708-02108A66EB1B}.Release|x64.ActiveCfg = Release|x64
		{F72A019F-0304-4688-B708-02108A66EB1B}.Release|x64.Build.0 = Release|x64
		{F72A019F-0304-4688-B708-02108A66EB1B}.Release|x86.ActiveCfg = Release|Win32
		{F72A019F-0304-4688-B708-02108A66EB1B}.Release|x86.Build.0 = Release|Win32
		{6BB0CECE-A727-4F70-94A4-B8B0CB123E29}.Debug|x64.ActiveCfg = Debug|x64
		{6BB0CECE-A727-4F70-94A4-B8B0CB123E29}.Debug|x64.Build.0 = Debug|x64
		{6BB0CECE-A727-4F70-94A4-B8B0CB123E29}.Debug|x86.ActiveCfg = Debug|Win32
		{6BB0CECE-A727-4F70-94A4-B8B0CB123E29}.Debug|x86.Build.0 = Debug|Win32
		{6BB0CECE-A727-4F70-94A4-B8B0CB123E29}.Release|x64.ActiveCfg = Release|x64
		{6BB0CECE-A727-4F70-94A4-B8B0CB123E29}.Release|x64.Build.0 = Release|x64
		{6BB0CECE-A727-4F70-94A4-B8B0CB123E29}.Release|x86.ActiveCfg = Release|Win32
		{6BB0CECE-A727-4F70-94A4-B8B0CB123E29}.Release|x86.Build.0 = Release|Win32
		{D078D2AE-9362-46EF-B41E-2B55F0DC5013}.Debug|x64.ActiveCfg = Debug|x64
		{D078D2AE-9362-46EF-B41E-2B55F0DC5013}.Debug|x64.Build.0 = Debug|x64
		{D078D2AE-9362-46EF-B41E-2B55F0DC5013}.Debug|x86.ActiveCfg = Debug|Win32
		{D078D2AE-9362-46EF-B41E-2B55F0DC5013}.Debug|x86.Build.0 = Debug|Win32
		{D078D2AE-9362-46EF-B41E-2B55F0DC5013}.Release|x64.ActiveCfg = Release|x64
		{D078D2AE-9362-46EF-B41E-2B55F0DC5013}.Release|x64.Build.0 = Release|x64
		{D078D2AE-9362-46EF-B41E-2B55F0DC5013}.Release|x86.ActiveCfg = Release|Win32
		{D078D2AE-9362-46EF-B41E-2B55F0DC5013}.Release|x86.Build.0 = Release|Win32
	EndGlobalSection
	GlobalSection(SolutionProperties) = preSolution
		HideSolutionNode = FALSE
	EndGlobalSection
	GlobalSection(ExtensibilityGlobals) = postSolution
		SolutionGuid = {07413079-ABB2-4D12-9B08-8738F31167A6}
	EndGlobalSection
EndGlobal
